
Microsoft Visual Studio Solution File, Format Version 12.00
# Visual Studio Version 16
VisualStudioVersion = 16.0.30128.74
MinimumVisualStudioVersion = 10.0.40219.1
Project("{9A19103F-16F7-4668-BE54-9A1E7A4F7556}") = "APIs", "APIs\APIs.csproj", "{C2283EF1-A71A-490D-991C-82705644D0BE}"
EndProject
Project("{9A19103F-16F7-4668-BE54-9A1E7A4F7556}") = "BusinessLayer", "BusinessLayer\BusinessLayer.csproj", "{C0D01273-5AEB-4C98-B7D5-D5562CD83174}"
EndProject
Project("{9A19103F-16F7-4668-BE54-9A1E7A4F7556}") = "DataLayer", "DataLayer\DataLayer.csproj", "{02A4FC14-3407-4C55-B63B-63CEAA8D4DC9}"
EndProject
Global
	GlobalSection(SolutionConfigurationPlatforms) = preSolution
		Debug|Any CPU = Debug|Any CPU
		Release|Any CPU = Release|Any CPU
	EndGlobalSection
	GlobalSection(ProjectConfigurationPlatforms) = postSolution
		{C2283EF1-A71A-490D-991C-82705644D0BE}.Debug|Any CPU.ActiveCfg = Debug|Any CPU
		{C2283EF1-A71A-490D-991C-82705644D0BE}.Debug|Any CPU.Build.0 = Debug|Any CPU
		{C2283EF1-A71A-490D-991C-82705644D0BE}.Release|Any CPU.ActiveCfg = Release|Any CPU
		{C2283EF1-A71A-490D-991C-82705644D0BE}.Release|Any CPU.Build.0 = Release|Any CPU
		{C0D01273-5AEB-4C98-B7D5-D5562CD83174}.Debug|Any CPU.ActiveCfg = Debug|Any CPU
		{C0D01273-5AEB-4C98-B7D5-D5562CD83174}.Debug|Any CPU.Build.0 = Debug|Any CPU
		{C0D01273-5AEB-4C98-B7D5-D5562CD83174}.Release|Any CPU.ActiveCfg = Release|Any CPU
		{C0D01273-5AEB-4C98-B7D5-D5562CD83174}.Release|Any CPU.Build.0 = Release|Any CPU
		{02A4FC14-3407-4C55-B63B-63CEAA8D4DC9}.Debug|Any CPU.ActiveCfg = Debug|Any CPU
		{02A4FC14-3407-4C55-B63B-63CEAA8D4DC9}.Debug|Any CPU.Build.0 = Debug|Any CPU
		{02A4FC14-3407-4C55-B63B-63CEAA8D4DC9}.Release|Any CPU.ActiveCfg = Release|Any CPU
		{02A4FC14-3407-4C55-B63B-63CEAA8D4DC9}.Release|Any CPU.Build.0 = Release|Any CPU
	EndGlobalSection
	GlobalSection(SolutionProperties) = preSolution
		HideSolutionNode = FALSE
	EndGlobalSection
	GlobalSection(ExtensibilityGlobals) = postSolution
		SolutionGuid = {C7AD043D-35A6-451E-A4C4-3D9AE93372D4}
	EndGlobalSection
EndGlobal
